// !$*UTF8*$!
{
	archiveVersion = 1;
	classes = {
	};
	objectVersion = 77;
	objects = {

/* Begin PBXBuildFile section */
		B2445B122D13B29200E8E193 /* ReSwift in Frameworks */ = {isa = PBXBuildFile; productRef = B2445B112D13B29200E8E193 /* ReSwift */; };
		B2445B632D2750E600E8E193 /* ReSwiftThunk in Frameworks */ = {isa = PBXBuildFile; productRef = B2445B622D2750E600E8E193 /* ReSwiftThunk */; };
/* End PBXBuildFile section */

/* Begin PBXContainerItemProxy section */
		B2445AE02D137F2500E8E193 /* PBXContainerItemProxy */ = {
			isa = PBXContainerItemProxy;
			containerPortal = B2445AC72D137F2300E8E193 /* Project object */;
			proxyType = 1;
			remoteGlobalIDString = B2445ACE2D137F2300E8E193;
			remoteInfo = TestProjectReSwift;
		};
		B2445AEA2D137F2500E8E193 /* PBXContainerItemProxy */ = {
			isa = PBXContainerItemProxy;
			containerPortal = B2445AC72D137F2300E8E193 /* Project object */;
			proxyType = 1;
			remoteGlobalIDString = B2445ACE2D137F2300E8E193;
			remoteInfo = TestProjectReSwift;
		};
/* End PBXContainerItemProxy section */

/* Begin PBXFileReference section */
		B2445ACF2D137F2300E8E193 /* TestProjectReSwift.app */ = {isa = PBXFileReference; explicitFileType = wrapper.application; includeInIndex = 0; path = TestProjectReSwift.app; sourceTree = BUILT_PRODUCTS_DIR; };
		B2445ADF2D137F2500E8E193 /* TestProjectReSwiftTests.xctest */ = {isa = PBXFileReference; explicitFileType = wrapper.cfbundle; includeInIndex = 0; path = TestProjectReSwiftTests.xctest; sourceTree = BUILT_PRODUCTS_DIR; };
		B2445AE92D137F2500E8E193 /* TestProjectReSwiftUITests.xctest */ = {isa = PBXFileReference; explicitFileType = wrapper.cfbundle; includeInIndex = 0; path = TestProjectReSwiftUITests.xctest; sourceTree = BUILT_PRODUCTS_DIR; };
/* End PBXFileReference section */

/* Begin PBXFileSystemSynchronizedRootGroup section */
		B2445AD12D137F2300E8E193 /* TestProjectReSwift */ = {
			isa = PBXFileSystemSynchronizedRootGroup;
			path = TestProjectReSwift;
			sourceTree = "<group>";
		};
		B2445AE22D137F2500E8E193 /* TestProjectReSwiftTests */ = {
			isa = PBXFileSystemSynchronizedRootGroup;
			path = TestProjectReSwiftTests;
			sourceTree = "<group>";
		};
		B2445AEC2D137F2500E8E193 /* TestProjectReSwiftUITests */ = {
			isa = PBXFileSystemSynchronizedRootGroup;
			path = TestProjectReSwiftUITests;
			sourceTree = "<group>";
		};
/* End PBXFileSystemSynchronizedRootGroup section */

/* Begin PBXFrameworksBuildPhase section */
		B2445ACC2D137F2300E8E193 /* Frameworks */ = {
			isa = PBXFrameworksBuildPhase;
			buildActionMask = 2147483647;
			files = (
				B2445B632D2750E600E8E193 /* ReSwiftThunk in Frameworks */,
				B2445B122D13B29200E8E193 /* ReSwift in Frameworks */,
			);
			runOnlyForDeploymentPostprocessing = 0;
		};
		B2445ADC2D137F2500E8E193 /* Frameworks */ = {
			isa = PBXFrameworksBuildPhase;
			buildActionMask = 2147483647;
			files = (
			);
			runOnlyForDeploymentPostprocessing = 0;
		};
		B2445AE62D137F2500E8E193 /* Frameworks */ = {
			isa = PBXFrameworksBuildPhase;
			buildActionMask = 2147483647;
			files = (
			);
			runOnlyForDeploymentPostprocessing = 0;
		};
/* End PBXFrameworksBuildPhase section */

/* Begin PBXGroup section */
		B2445AC62D137F2300E8E193 = {
			isa = PBXGroup;
			children = (
				B2445AD12D137F2300E8E193 /* TestProjectReSwift */,
				B2445AE22D137F2500E8E193 /* TestProjectReSwiftTests */,
				B2445AEC2D137F2500E8E193 /* TestProjectReSwiftUITests */,
				B2445B612D2750E600E8E193 /* Frameworks */,
				B2445AD02D137F2300E8E193 /* Products */,
			);
			sourceTree = "<group>";
		};
		B2445AD02D137F2300E8E193 /* Products */ = {
			isa = PBXGroup;
			children = (
				B2445ACF2D137F2300E8E193 /* TestProjectReSwift.app */,
				B2445ADF2D137F2500E8E193 /* TestProjectReSwiftTests.xctest */,
				B2445AE92D137F2500E8E193 /* TestProjectReSwiftUITests.xctest */,
			);
			name = Products;
			sourceTree = "<group>";
		};
		B2445B612D2750E600E8E193 /* Frameworks */ = {
			isa = PBXGroup;
			children = (
			);
			name = Frameworks;
			sourceTree = "<group>";
		};
/* End PBXGroup section */

/* Begin PBXNativeTarget section */
		B2445ACE2D137F2300E8E193 /* TestProjectReSwift */ = {
			isa = PBXNativeTarget;
			buildConfigurationList = B2445AF32D137F2500E8E193 /* Build configuration list for PBXNativeTarget "TestProjectReSwift" */;
			buildPhases = (
				B2445ACB2D137F2300E8E193 /* Sources */,
				B2445ACC2D137F2300E8E193 /* Frameworks */,
				B2445ACD2D137F2300E8E193 /* Resources */,
			);
			buildRules = (
			);
			dependencies = (
			);
			fileSystemSynchronizedGroups = (
				B2445AD12D137F2300E8E193 /* TestProjectReSwift */,
			);
			name = TestProjectReSwift;
			packageProductDependencies = (
				B2445B112D13B29200E8E193 /* ReSwift */,
				B2445B622D2750E600E8E193 /* ReSwiftThunk */,
			);
			productName = TestProjectReSwift;
			productReference = B2445ACF2D137F2300E8E193 /* TestProjectReSwift.app */;
			productType = "com.apple.product-type.application";
		};
		B2445ADE2D137F2500E8E193 /* TestProjectReSwiftTests */ = {
			isa = PBXNativeTarget;
			buildConfigurationList = B2445AF62D137F2500E8E193 /* Build configuration list for PBXNativeTarget "TestProjectReSwiftTests" */;
			buildPhases = (
				B2445ADB2D137F2500E8E193 /* Sources */,
				B2445ADC2D137F2500E8E193 /* Frameworks */,
				B2445ADD2D137F2500E8E193 /* Resources */,
			);
			buildRules = (
			);
			dependencies = (
				B2445AE12D137F2500E8E193 /* PBXTargetDependency */,
			);
			fileSystemSynchronizedGroups = (
				B2445AE22D137F2500E8E193 /* TestProjectReSwiftTests */,
			);
			name = TestProjectReSwiftTests;
			packageProductDependencies = (
			);
			productName = TestProjectReSwiftTests;
			productReference = B2445ADF2D137F2500E8E193 /* TestProjectReSwiftTests.xctest */;
			productType = "com.apple.product-type.bundle.unit-test";
		};
		B2445AE82D137F2500E8E193 /* TestProjectReSwiftUITests */ = {
			isa = PBXNativeTarget;
			buildConfigurationList = B2445AF92D137F2500E8E193 /* Build configuration list for PBXNativeTarget "TestProjectReSwiftUITests" */;
			buildPhases = (
				B2445AE52D137F2500E8E193 /* Sources */,
				B2445AE62D137F2500E8E193 /* Frameworks */,
				B2445AE72D137F2500E8E193 /* Resources */,
			);
			buildRules = (
			);
			dependencies = (
				B2445AEB2D137F2500E8E193 /* PBXTargetDependency */,
			);
			fileSystemSynchronizedGroups = (
				B2445AEC2D137F2500E8E193 /* TestProjectReSwiftUITests */,
			);
			name = TestProjectReSwiftUITests;
			packageProductDependencies = (
			);
			productName = TestProjectReSwiftUITests;
			productReference = B2445AE92D137F2500E8E193 /* TestProjectReSwiftUITests.xctest */;
			productType = "com.apple.product-type.bundle.ui-testing";
		};
/* End PBXNativeTarget section */

/* Begin PBXProject section */
		B2445AC72D137F2300E8E193 /* Project object */ = {
			isa = PBXProject;
			attributes = {
				BuildIndependentTargetsInParallel = 1;
				LastSwiftUpdateCheck = 1610;
				LastUpgradeCheck = 1610;
				TargetAttributes = {
					B2445ACE2D137F2300E8E193 = {
						CreatedOnToolsVersion = 16.1;
					};
					B2445ADE2D137F2500E8E193 = {
						CreatedOnToolsVersion = 16.1;
						TestTargetID = B2445ACE2D137F2300E8E193;
					};
					B2445AE82D137F2500E8E193 = {
						CreatedOnToolsVersion = 16.1;
						TestTargetID = B2445ACE2D137F2300E8E193;
					};
				};
			};
			buildConfigurationList = B2445ACA2D137F2300E8E193 /* Build configuration list for PBXProject "TestProjectReSwift" */;
			developmentRegion = en;
			hasScannedForEncodings = 0;
			knownRegions = (
				en,
				Base,
			);
			mainGroup = B2445AC62D137F2300E8E193;
			minimizedProjectReferenceProxies = 1;
			packageReferences = (
				B2445B102D13B29200E8E193 /* XCRemoteSwiftPackageReference "ReSwift" */,
				B2445B5E2D27430200E8E193 /* XCRemoteSwiftPackageReference "ReSwift-Thunk" */,
			);
			preferredProjectObjectVersion = 77;
			productRefGroup = B2445AD02D137F2300E8E193 /* Products */;
			projectDirPath = "";
			projectRoot = "";
			targets = (
				B2445ACE2D137F2300E8E193 /* TestProjectReSwift */,
				B2445ADE2D137F2500E8E193 /* TestProjectReSwiftTests */,
				B2445AE82D137F2500E8E193 /* TestProjectReSwiftUITests */,
			);
		};
/* End PBXProject section */

/* Begin PBXResourcesBuildPhase section */
		B2445ACD2D137F2300E8E193 /* Resources */ = {
			isa = PBXResourcesBuildPhase;
			buildActionMask = 2147483647;
			files = (
			);
			runOnlyForDeploymentPostprocessing = 0;
		};
		B2445ADD2D137F2500E8E193 /* Resources */ = {
			isa = PBXResourcesBuildPhase;
			buildActionMask = 2147483647;
			files = (
			);
			runOnlyForDeploymentPostprocessing = 0;
		};
		B2445AE72D137F2500E8E193 /* Resources */ = {
			isa = PBXResourcesBuildPhase;
			buildActionMask = 2147483647;
			files = (
			);
			runOnlyForDeploymentPostprocessing = 0;
		};
/* End PBXResourcesBuildPhase section */

/* Begin PBXSourcesBuildPhase section */
		B2445ACB2D137F2300E8E193 /* Sources */ = {
			isa = PBXSourcesBuildPhase;
			buildActionMask = 2147483647;
			files = (
			);
			runOnlyForDeploymentPostprocessing = 0;
		};
		B2445ADB2D137F2500E8E193 /* Sources */ = {
			isa = PBXSourcesBuildPhase;
			buildActionMask = 2147483647;
			files = (
			);
			runOnlyForDeploymentPostprocessing = 0;
		};
		B2445AE52D137F2500E8E193 /* Sources */ = {
			isa = PBXSourcesBuildPhase;
			buildActionMask = 2147483647;
			files = (
			);
			runOnlyForDeploymentPostprocessing = 0;
		};
/* End PBXSourcesBuildPhase section */

/* Begin PBXTargetDependency section */
		B2445AE12D137F2500E8E193 /* PBXTargetDependency */ = {
			isa = PBXTargetDependency;
			target = B2445ACE2D137F2300E8E193 /* TestProjectReSwift */;
			targetProxy = B2445AE02D137F2500E8E193 /* PBXContainerItemProxy */;
		};
		B2445AEB2D137F2500E8E193 /* PBXTargetDependency */ = {
			isa = PBXTargetDependency;
			target = B2445ACE2D137F2300E8E193 /* TestProjectReSwift */;
			targetProxy = B2445AEA2D137F2500E8E193 /* PBXContainerItemProxy */;
		};
/* End PBXTargetDependency section */

/* Begin XCBuildConfiguration section */
		B2445AF12D137F2500E8E193 /* Debug */ = {
			isa = XCBuildConfiguration;
			buildSettings = {
				ALWAYS_SEARCH_USER_PATHS = NO;
				ASSETCATALOG_COMPILER_GENERATE_SWIFT_ASSET_SYMBOL_EXTENSIONS = YES;
				CLANG_ANALYZER_NONNULL = YES;
				CLANG_ANALYZER_NUMBER_OBJECT_CONVERSION = YES_AGGRESSIVE;
				CLANG_CXX_LANGUAGE_STANDARD = "gnu++20";
				CLANG_ENABLE_MODULES = YES;
				CLANG_ENABLE_OBJC_ARC = YES;
				CLANG_ENABLE_OBJC_WEAK = YES;
				CLANG_WARN_BLOCK_CAPTURE_AUTORELEASING = YES;
				CLANG_WARN_BOOL_CONVERSION = YES;
				CLANG_WARN_COMMA = YES;
				CLANG_WARN_CONSTANT_CONVERSION = YES;
				CLANG_WARN_DEPRECATED_OBJC_IMPLEMENTATIONS = YES;
				CLANG_WARN_DIRECT_OBJC_ISA_USAGE = YES_ERROR;
				CLANG_WARN_DOCUMENTATION_COMMENTS = YES;
				CLANG_WARN_EMPTY_BODY = YES;
				CLANG_WARN_ENUM_CONVERSION = YES;
				CLANG_WARN_INFINITE_RECURSION = YES;
				CLANG_WARN_INT_CONVERSION = YES;
				CLANG_WARN_NON_LITERAL_NULL_CONVERSION = YES;
				CLANG_WARN_OBJC_IMPLICIT_RETAIN_SELF = YES;
				CLANG_WARN_OBJC_LITERAL_CONVERSION = YES;
				CLANG_WARN_OBJC_ROOT_CLASS = YES_ERROR;
				CLANG_WARN_QUOTED_INCLUDE_IN_FRAMEWORK_HEADER = YES;
				CLANG_WARN_RANGE_LOOP_ANALYSIS = YES;
				CLANG_WARN_STRICT_PROTOTYPES = YES;
				CLANG_WARN_SUSPICIOUS_MOVE = YES;
				CLANG_WARN_UNGUARDED_AVAILABILITY = YES_AGGRESSIVE;
				CLANG_WARN_UNREACHABLE_CODE = YES;
				CLANG_WARN__DUPLICATE_METHOD_MATCH = YES;
				COPY_PHASE_STRIP = NO;
				DEBUG_INFORMATION_FORMAT = dwarf;
				ENABLE_STRICT_OBJC_MSGSEND = YES;
				ENABLE_TESTABILITY = YES;
				ENABLE_USER_SCRIPT_SANDBOXING = YES;
				GCC_C_LANGUAGE_STANDARD = gnu17;
				GCC_DYNAMIC_NO_PIC = NO;
				GCC_NO_COMMON_BLOCKS = YES;
				GCC_OPTIMIZATION_LEVEL = 0;
				GCC_PREPROCESSOR_DEFINITIONS = (
					"DEBUG=1",
					"$(inherited)",
				);
				GCC_WARN_64_TO_32_BIT_CONVERSION = YES;
				GCC_WARN_ABOUT_RETURN_TYPE = YES_ERROR;
				GCC_WARN_UNDECLARED_SELECTOR = YES;
				GCC_WARN_UNINITIALIZED_AUTOS = YES_AGGRESSIVE;
				GCC_WARN_UNUSED_FUNCTION = YES;
				GCC_WARN_UNUSED_VARIABLE = YES;
				IPHONEOS_DEPLOYMENT_TARGET = 18.1;
				LOCALIZATION_PREFERS_STRING_CATALOGS = YES;
				MTL_ENABLE_DEBUG_INFO = INCLUDE_SOURCE;
				MTL_FAST_MATH = YES;
				ONLY_ACTIVE_ARCH = YES;
				SDKROOT = iphoneos;
				SWIFT_ACTIVE_COMPILATION_CONDITIONS = "DEBUG $(inherited)";
				SWIFT_OPTIMIZATION_LEVEL = "-Onone";
			};
			name = Debug;
		};
		B2445AF22D137F2500E8E193 /* Release */ = {
			isa = XCBuildConfiguration;
			buildSettings = {
				ALWAYS_SEARCH_USER_PATHS = NO;
				ASSETCATALOG_COMPILER_GENERATE_SWIFT_ASSET_SYMBOL_EXTENSIONS = YES;
				CLANG_ANALYZER_NONNULL = YES;
				CLANG_ANALYZER_NUMBER_OBJECT_CONVERSION = YES_AGGRESSIVE;
				CLANG_CXX_LANGUAGE_STANDARD = "gnu++20";
				CLANG_ENABLE_MODULES = YES;
				CLANG_ENABLE_OBJC_ARC = YES;
				CLANG_ENABLE_OBJC_WEAK = YES;
				CLANG_WARN_BLOCK_CAPTURE_AUTORELEASING = YES;
				CLANG_WARN_BOOL_CONVERSION = YES;
				CLANG_WARN_COMMA = YES;
				CLANG_WARN_CONSTANT_CONVERSION = YES;
				CLANG_WARN_DEPRECATED_OBJC_IMPLEMENTATIONS = YES;
				CLANG_WARN_DIRECT_OBJC_ISA_USAGE = YES_ERROR;
				CLANG_WARN_DOCUMENTATION_COMMENTS = YES;
				CLANG_WARN_EMPTY_BODY = YES;
				CLANG_WARN_ENUM_CONVERSION = YES;
				CLANG_WARN_INFINITE_RECURSION = YES;
				CLANG_WARN_INT_CONVERSION = YES;
				CLANG_WARN_NON_LITERAL_NULL_CONVERSION = YES;
				CLANG_WARN_OBJC_IMPLICIT_RETAIN_SELF = YES;
				CLANG_WARN_OBJC_LITERAL_CONVERSION = YES;
				CLANG_WARN_OBJC_ROOT_CLASS = YES_ERROR;
				CLANG_WARN_QUOTED_INCLUDE_IN_FRAMEWORK_HEADER = YES;
				CLANG_WARN_RANGE_LOOP_ANALYSIS = YES;
				CLANG_WARN_STRICT_PROTOTYPES = YES;
				CLANG_WARN_SUSPICIOUS_MOVE = YES;
				CLANG_WARN_UNGUARDED_AVAILABILITY = YES_AGGRESSIVE;
				CLANG_WARN_UNREACHABLE_CODE = YES;
				CLANG_WARN__DUPLICATE_METHOD_MATCH = YES;
				COPY_PHASE_STRIP = NO;
				DEBUG_INFORMATION_FORMAT = "dwarf-with-dsym";
				ENABLE_NS_ASSERTIONS = NO;
				ENABLE_STRICT_OBJC_MSGSEND = YES;
				ENABLE_USER_SCRIPT_SANDBOXING = YES;
				GCC_C_LANGUAGE_STANDARD = gnu17;
				GCC_NO_COMMON_BLOCKS = YES;
				GCC_WARN_64_TO_32_BIT_CONVERSION = YES;
				GCC_WARN_ABOUT_RETURN_TYPE = YES_ERROR;
				GCC_WARN_UNDECLARED_SELECTOR = YES;
				GCC_WARN_UNINITIALIZED_AUTOS = YES_AGGRESSIVE;
				GCC_WARN_UNUSED_FUNCTION = YES;
				GCC_WARN_UNUSED_VARIABLE = YES;
				IPHONEOS_DEPLOYMENT_TARGET = 18.1;
				LOCALIZATION_PREFERS_STRING_CATALOGS = YES;
				MTL_ENABLE_DEBUG_INFO = NO;
				MTL_FAST_MATH = YES;
				SDKROOT = iphoneos;
				SWIFT_COMPILATION_MODE = wholemodule;
				VALIDATE_PRODUCT = YES;
			};
			name = Release;
		};
		B2445AF42D137F2500E8E193 /* Debug */ = {
			isa = XCBuildConfiguration;
			buildSettings = {
				ASSETCATALOG_COMPILER_APPICON_NAME = AppIcon;
				ASSETCATALOG_COMPILER_GLOBAL_ACCENT_COLOR_NAME = AccentColor;
				CODE_SIGN_STYLE = Automatic;
				CURRENT_PROJECT_VERSION = 1;
				DEVELOPMENT_ASSET_PATHS = "\"TestProjectReSwift/Preview Content\"";
				DEVELOPMENT_TEAM = DUBXDHF3SZ;
				ENABLE_PREVIEWS = YES;
				GENERATE_INFOPLIST_FILE = YES;
				INFOPLIST_KEY_UIApplicationSceneManifest_Generation = YES;
				INFOPLIST_KEY_UIApplicationSupportsIndirectInputEvents = YES;
				INFOPLIST_KEY_UILaunchScreen_Generation = YES;
				INFOPLIST_KEY_UISupportedInterfaceOrientations_iPad = "UIInterfaceOrientationPortrait UIInterfaceOrientationPortraitUpsideDown UIInterfaceOrientationLandscapeLeft UIInterfaceOrientationLandscapeRight";
				INFOPLIST_KEY_UISupportedInterfaceOrientations_iPhone = "UIInterfaceOrientationPortrait UIInterfaceOrientationLandscapeLeft UIInterfaceOrientationLandscapeRight";
				LD_RUNPATH_SEARCH_PATHS = (
					"$(inherited)",
					"@executable_path/Frameworks",
				);
				MARKETING_VERSION = 1.0;
				PRODUCT_BUNDLE_IDENTIFIER = com.TestProjectReSwift;
				PRODUCT_NAME = "$(TARGET_NAME)";
				SWIFT_EMIT_LOC_STRINGS = YES;
				SWIFT_VERSION = 5.0;
				TARGETED_DEVICE_FAMILY = "1,2";
			};
			name = Debug;
		};
		B2445AF52D137F2500E8E193 /* Release */ = {
			isa = XCBuildConfiguration;
			buildSettings = {
				ASSETCATALOG_COMPILER_APPICON_NAME = AppIcon;
				ASSETCATALOG_COMPILER_GLOBAL_ACCENT_COLOR_NAME = AccentColor;
				CODE_SIGN_STYLE = Automatic;
				CURRENT_PROJECT_VERSION = 1;
				DEVELOPMENT_ASSET_PATHS = "\"TestProjectReSwift/Preview Content\"";
				DEVELOPMENT_TEAM = DUBXDHF3SZ;
				ENABLE_PREVIEWS = YES;
				GENERATE_INFOPLIST_FILE = YES;
				INFOPLIST_KEY_UIApplicationSceneManifest_Generation = YES;
				INFOPLIST_KEY_UIApplicationSupportsIndirectInputEvents = YES;
				INFOPLIST_KEY_UILaunchScreen_Generation = YES;
				INFOPLIST_KEY_UISupportedInterfaceOrientations_iPad = "UIInterfaceOrientationPortrait UIInterfaceOrientationPortraitUpsideDown UIInterfaceOrientationLandscapeLeft UIInterfaceOrientationLandscapeRight";
				INFOPLIST_KEY_UISupportedInterfaceOrientations_iPhone = "UIInterfaceOrientationPortrait UIInterfaceOrientationLandscapeLeft UIInterfaceOrientationLandscapeRight";
				LD_RUNPATH_SEARCH_PATHS = (
					"$(inherited)",
					"@executable_path/Frameworks",
				);
				MARKETING_VERSION = 1.0;
				PRODUCT_BUNDLE_IDENTIFIER = com.TestProjectReSwift;
				PRODUCT_NAME = "$(TARGET_NAME)";
				SWIFT_EMIT_LOC_STRINGS = YES;
				SWIFT_VERSION = 5.0;
				TARGETED_DEVICE_FAMILY = "1,2";
			};
			name = Release;
		};
		B2445AF72D137F2500E8E193 /* Debug */ = {
			isa = XCBuildConfiguration;
			buildSettings = {
				BUNDLE_LOADER = "$(TEST_HOST)";
				CODE_SIGN_STYLE = Automatic;
				CURRENT_PROJECT_VERSION = 1;
				DEVELOPMENT_TEAM = DUBXDHF3SZ;
				GENERATE_INFOPLIST_FILE = YES;
				IPHONEOS_DEPLOYMENT_TARGET = 18.1;
				MARKETING_VERSION = 1.0;
				PRODUCT_BUNDLE_IDENTIFIER = com.TestProjectReSwiftTests;
				PRODUCT_NAME = "$(TARGET_NAME)";
				SWIFT_EMIT_LOC_STRINGS = NO;
				SWIFT_VERSION = 5.0;
				TARGETED_DEVICE_FAMILY = "1,2";
				TEST_HOST = "$(BUILT_PRODUCTS_DIR)/TestProjectReSwift.app/$(BUNDLE_EXECUTABLE_FOLDER_PATH)/TestProjectReSwift";
			};
			name = Debug;
		};
		B2445AF82D137F2500E8E193 /* Release */ = {
			isa = XCBuildConfiguration;
			buildSettings = {
				BUNDLE_LOADER = "$(TEST_HOST)";
				CODE_SIGN_STYLE = Automatic;
				CURRENT_PROJECT_VERSION = 1;
				DEVELOPMENT_TEAM = DUBXDHF3SZ;
				GENERATE_INFOPLIST_FILE = YES;
				IPHONEOS_DEPLOYMENT_TARGET = 18.1;
				MARKETING_VERSION = 1.0;
				PRODUCT_BUNDLE_IDENTIFIER = com.TestProjectReSwiftTests;
				PRODUCT_NAME = "$(TARGET_NAME)";
				SWIFT_EMIT_LOC_STRINGS = NO;
				SWIFT_VERSION = 5.0;
				TARGETED_DEVICE_FAMILY = "1,2";
				TEST_HOST = "$(BUILT_PRODUCTS_DIR)/TestProjectReSwift.app/$(BUNDLE_EXECUTABLE_FOLDER_PATH)/TestProjectReSwift";
			};
			name = Release;
		};
		B2445AFA2D137F2500E8E193 /* Debug */ = {
			isa = XCBuildConfiguration;
			buildSettings = {
				CODE_SIGN_STYLE = Automatic;
				CURRENT_PROJECT_VERSION = 1;
				DEVELOPMENT_TEAM = DUBXDHF3SZ;
				GENERATE_INFOPLIST_FILE = YES;
				MARKETING_VERSION = 1.0;
				PRODUCT_BUNDLE_IDENTIFIER = com.TestProjectReSwiftUITests;
				PRODUCT_NAME = "$(TARGET_NAME)";
				SWIFT_EMIT_LOC_STRINGS = NO;
				SWIFT_VERSION = 5.0;
				TARGETED_DEVICE_FAMILY = "1,2";
				TEST_TARGET_NAME = TestProjectReSwift;
			};
			name = Debug;
		};
		B2445AFB2D137F2500E8E193 /* Release */ = {
			isa = XCBuildConfiguration;
			buildSettings = {
				CODE_SIGN_STYLE = Automatic;
				CURRENT_PROJECT_VERSION = 1;
				DEVELOPMENT_TEAM = DUBXDHF3SZ;
				GENERATE_INFOPLIST_FILE = YES;
				MARKETING_VERSION = 1.0;
				PRODUCT_BUNDLE_IDENTIFIER = com.TestProjectReSwiftUITests;
				PRODUCT_NAME = "$(TARGET_NAME)";
				SWIFT_EMIT_LOC_STRINGS = NO;
				SWIFT_VERSION = 5.0;
				TARGETED_DEVICE_FAMILY = "1,2";
				TEST_TARGET_NAME = TestProjectReSwift;
			};
			name = Release;
		};
/* End XCBuildConfiguration section */

/* Begin XCConfigurationList section */
		B2445ACA2D137F2300E8E193 /* Build configuration list for PBXProject "TestProjectReSwift" */ = {
			isa = XCConfigurationList;
			buildConfigurations = (
				B2445AF12D137F2500E8E193 /* Debug */,
				B2445AF22D137F2500E8E193 /* Release */,
			);
			defaultConfigurationIsVisible = 0;
			defaultConfigurationName = Release;
		};
		B2445AF32D137F2500E8E193 /* Build configuration list for PBXNativeTarget "TestProjectReSwift" */ = {
			isa = XCConfigurationList;
			buildConfigurations = (
				B2445AF42D137F2500E8E193 /* Debug */,
				B2445AF52D137F2500E8E193 /* Release */,
			);
			defaultConfigurationIsVisible = 0;
			defaultConfigurationName = Release;
		};
		B2445AF62D137F2500E8E193 /* Build configuration list for PBXNativeTarget "TestProjectReSwiftTests" */ = {
			isa = XCConfigurationList;
			buildConfigurations = (
				B2445AF72D137F2500E8E193 /* Debug */,
				B2445AF82D137F2500E8E193 /* Release */,
			);
			defaultConfigurationIsVisible = 0;
			defaultConfigurationName = Release;
		};
		B2445AF92D137F2500E8E193 /* Build configuration list for PBXNativeTarget "TestProjectReSwiftUITests" */ = {
			isa = XCConfigurationList;
			buildConfigurations = (
				B2445AFA2D137F2500E8E193 /* Debug */,
				B2445AFB2D137F2500E8E193 /* Release */,
			);
			defaultConfigurationIsVisible = 0;
			defaultConfigurationName = Release;
		};
/* End XCConfigurationList section */

/* Begin XCRemoteSwiftPackageReference section */
		B2445B102D13B29200E8E193 /* XCRemoteSwiftPackageReference "ReSwift" */ = {
			isa = XCRemoteSwiftPackageReference;
			repositoryURL = "https://github.com/ReSwift/ReSwift.git";
			requirement = {
				kind = exactVersion;
				version = 6.1.1;
			};
		};
		B2445B5E2D27430200E8E193 /* XCRemoteSwiftPackageReference "ReSwift-Thunk" */ = {
			isa = XCRemoteSwiftPackageReference;
			repositoryURL = "https://github.com/ReSwift/ReSwift-Thunk.git";
			requirement = {
				kind = upToNextMajorVersion;
				minimumVersion = 2.0.1;
			};
		};
/* End XCRemoteSwiftPackageReference section */

/* Begin XCSwiftPackageProductDependency section */
		B2445B112D13B29200E8E193 /* ReSwift */ = {
			isa = XCSwiftPackageProductDependency;
			package = B2445B102D13B29200E8E193 /* XCRemoteSwiftPackageReference "ReSwift" */;
			productName = ReSwift;
		};
		B2445B622D2750E600E8E193 /* ReSwiftThunk */ = {
			isa = XCSwiftPackageProductDependency;
			package = B2445B5E2D27430200E8E193 /* XCRemoteSwiftPackageReference "ReSwift-Thunk" */;
			productName = ReSwiftThunk;
		};
/* End XCSwiftPackageProductDependency section */
	};
	rootObject = B2445AC72D137F2300E8E193 /* Project object */;
}
